// !$*UTF8*$!
{
	archiveVersion = 1;
	classes = {
	};
	objectVersion = 50;
	objects = {

/* Begin PBXBuildFile section */
		B0AB1D8A233C102900A7CB39 /* AppDelegate.swift in Sources */ = {isa = PBXBuildFile; fileRef = B0AB1D89233C102900A7CB39 /* AppDelegate.swift */; };
		B0AB1D8C233C102900A7CB39 /* ViewController.swift in Sources */ = {isa = PBXBuildFile; fileRef = B0AB1D8B233C102900A7CB39 /* ViewController.swift */; };
		B0AB1D8F233C102900A7CB39 /* Main.storyboard in Resources */ = {isa = PBXBuildFile; fileRef = B0AB1D8D233C102900A7CB39 /* Main.storyboard */; };
		B0AB1D92233C102900A7CB39 /* ParteProyectoVane.xcdatamodeld in Sources */ = {isa = PBXBuildFile; fileRef = B0AB1D90233C102900A7CB39 /* ParteProyectoVane.xcdatamodeld */; };
		B0AB1D94233C102A00A7CB39 /* Assets.xcassets in Resources */ = {isa = PBXBuildFile; fileRef = B0AB1D93233C102A00A7CB39 /* Assets.xcassets */; };
		B0AB1D97233C102A00A7CB39 /* LaunchScreen.storyboard in Resources */ = {isa = PBXBuildFile; fileRef = B0AB1D95233C102A00A7CB39 /* LaunchScreen.storyboard */; };
		B0AB1DA2233C102A00A7CB39 /* ParteProyectoVaneTests.swift in Sources */ = {isa = PBXBuildFile; fileRef = B0AB1DA1233C102A00A7CB39 /* ParteProyectoVaneTests.swift */; };
		B0AB1DAD233C102A00A7CB39 /* ParteProyectoVaneUITests.swift in Sources */ = {isa = PBXBuildFile; fileRef = B0AB1DAC233C102A00A7CB39 /* ParteProyectoVaneUITests.swift */; };
		B0AB1DF6233C127B00A7CB39 /* AVFoundation.framework in Frameworks */ = {isa = PBXBuildFile; fileRef = B0AB1DF5233C127B00A7CB39 /* AVFoundation.framework */; settings = {ATTRIBUTES = (Required, ); }; };
/* End PBXBuildFile section */

/* Begin PBXContainerItemProxy section */
		B0AB1D9E233C102A00A7CB39 /* PBXContainerItemProxy */ = {
			isa = PBXContainerItemProxy;
			containerPortal = B0AB1D7E233C102900A7CB39 /* Project object */;
			proxyType = 1;
			remoteGlobalIDString = B0AB1D85233C102900A7CB39;
			remoteInfo = ParteProyectoVane;
		};
		B0AB1DA9233C102A00A7CB39 /* PBXContainerItemProxy */ = {
			isa = PBXContainerItemProxy;
			containerPortal = B0AB1D7E233C102900A7CB39 /* Project object */;
			proxyType = 1;
			remoteGlobalIDString = B0AB1D85233C102900A7CB39;
			remoteInfo = ParteProyectoVane;
		};
/* End PBXContainerItemProxy section */

/* Begin PBXFileReference section */
		B0AB1D86233C102900A7CB39 /* ParteProyectoVane.app */ = {isa = PBXFileReference; explicitFileType = wrapper.application; includeInIndex = 0; path = ParteProyectoVane.app; sourceTree = BUILT_PRODUCTS_DIR; };
		B0AB1D89233C102900A7CB39 /* AppDelegate.swift */ = {isa = PBXFileReference; lastKnownFileType = sourcecode.swift; path = AppDelegate.swift; sourceTree = "<group>"; };
		B0AB1D8B233C102900A7CB39 /* ViewController.swift */ = {isa = PBXFileReference; lastKnownFileType = sourcecode.swift; path = ViewController.swift; sourceTree = "<group>"; };
		B0AB1D8E233C102900A7CB39 /* Base */ = {isa = PBXFileReference; lastKnownFileType = file.storyboard; name = Base; path = Base.lproj/Main.storyboard; sourceTree = "<group>"; };
		B0AB1D91233C102900A7CB39 /* ParteProyectoVane.xcdatamodel */ = {isa = PBXFileReference; lastKnownFileType = wrapper.xcdatamodel; path = ParteProyectoVane.xcdatamodel; sourceTree = "<group>"; };
		B0AB1D93233C102A00A7CB39 /* Assets.xcassets */ = {isa = PBXFileReference; lastKnownFileType = folder.assetcatalog; path = Assets.xcassets; sourceTree = "<group>"; };
		B0AB1D96233C102A00A7CB39 /* Base */ = {isa = PBXFileReference; lastKnownFileType = file.storyboard; name = Base; path = Base.lproj/LaunchScreen.storyboard; sourceTree = "<group>"; };
		B0AB1D98233C102A00A7CB39 /* Info.plist */ = {isa = PBXFileReference; lastKnownFileType = text.plist.xml; path = Info.plist; sourceTree = "<group>"; };
		B0AB1D9D233C102A00A7CB39 /* ParteProyectoVaneTests.xctest */ = {isa = PBXFileReference; explicitFileType = wrapper.cfbundle; includeInIndex = 0; path = ParteProyectoVaneTests.xctest; sourceTree = BUILT_PRODUCTS_DIR; };
		B0AB1DA1233C102A00A7CB39 /* ParteProyectoVaneTests.swift */ = {isa = PBXFileReference; lastKnownFileType = sourcecode.swift; path = ParteProyectoVaneTests.swift; sourceTree = "<group>"; };
		B0AB1DA3233C102A00A7CB39 /* Info.plist */ = {isa = PBXFileReference; lastKnownFileType = text.plist.xml; path = Info.plist; sourceTree = "<group>"; };
		B0AB1DA8233C102A00A7CB39 /* ParteProyectoVaneUITests.xctest */ = {isa = PBXFileReference; explicitFileType = wrapper.cfbundle; includeInIndex = 0; path = ParteProyectoVaneUITests.xctest; sourceTree = BUILT_PRODUCTS_DIR; };
		B0AB1DAC233C102A00A7CB39 /* ParteProyectoVaneUITests.swift */ = {isa = PBXFileReference; lastKnownFileType = sourcecode.swift; path = ParteProyectoVaneUITests.swift; sourceTree = "<group>"; };
		B0AB1DAE233C102A00A7CB39 /* Info.plist */ = {isa = PBXFileReference; lastKnownFileType = text.plist.xml; path = Info.plist; sourceTree = "<group>"; };
		B0AB1DF5233C127B00A7CB39 /* AVFoundation.framework */ = {isa = PBXFileReference; lastKnownFileType = wrapper.framework; name = AVFoundation.framework; path = System/Library/Frameworks/AVFoundation.framework; sourceTree = SDKROOT; };
/* End PBXFileReference section */

/* Begin PBXFrameworksBuildPhase section */
		B0AB1D83233C102900A7CB39 /* Frameworks */ = {
			isa = PBXFrameworksBuildPhase;
			buildActionMask = 2147483647;
			files = (
				B0AB1DF6233C127B00A7CB39 /* AVFoundation.framework in Frameworks */,
			);
			runOnlyForDeploymentPostprocessing = 0;
		};
		B0AB1D9A233C102A00A7CB39 /* Frameworks */ = {
			isa = PBXFrameworksBuildPhase;
			buildActionMask = 2147483647;
			files = (
			);
			runOnlyForDeploymentPostprocessing = 0;
		};
		B0AB1DA5233C102A00A7CB39 /* Frameworks */ = {
			isa = PBXFrameworksBuildPhase;
			buildActionMask = 2147483647;
			files = (
			);
			runOnlyForDeploymentPostprocessing = 0;
		};
/* End PBXFrameworksBuildPhase section */

/* Begin PBXGroup section */
		B0AB1D7D233C102900A7CB39 = {
			isa = PBXGroup;
			children = (
				B0AB1D88233C102900A7CB39 /* ParteProyectoVane */,
				B0AB1DA0233C102A00A7CB39 /* ParteProyectoVaneTests */,
				B0AB1DAB233C102A00A7CB39 /* ParteProyectoVaneUITests */,
				B0AB1D87233C102900A7CB39 /* Products */,
				B0AB1DF4233C127B00A7CB39 /* Frameworks */,
			);
			sourceTree = "<group>";
		};
		B0AB1D87233C102900A7CB39 /* Products */ = {
			isa = PBXGroup;
			children = (
				B0AB1D86233C102900A7CB39 /* ParteProyectoVane.app */,
				B0AB1D9D233C102A00A7CB39 /* ParteProyectoVaneTests.xctest */,
				B0AB1DA8233C102A00A7CB39 /* ParteProyectoVaneUITests.xctest */,
			);
			name = Products;
			sourceTree = "<group>";
		};
		B0AB1D88233C102900A7CB39 /* ParteProyectoVane */ = {
			isa = PBXGroup;
			children = (
				B0AB1D89233C102900A7CB39 /* AppDelegate.swift */,
				B0AB1D8B233C102900A7CB39 /* ViewController.swift */,
				B0AB1D8D233C102900A7CB39 /* Main.storyboard */,
				B0AB1D93233C102A00A7CB39 /* Assets.xcassets */,
				B0AB1D95233C102A00A7CB39 /* LaunchScreen.storyboard */,
				B0AB1D98233C102A00A7CB39 /* Info.plist */,
				B0AB1D90233C102900A7CB39 /* ParteProyectoVane.xcdatamodeld */,
			);
			path = ParteProyectoVane;
			sourceTree = "<group>";
		};
		B0AB1DA0233C102A00A7CB39 /* ParteProyectoVaneTests */ = {
			isa = PBXGroup;
			children = (
				B0AB1DA1233C102A00A7CB39 /* ParteProyectoVaneTests.swift */,
				B0AB1DA3233C102A00A7CB39 /* Info.plist */,
			);
			path = ParteProyectoVaneTests;
			sourceTree = "<group>";
		};
		B0AB1DAB233C102A00A7CB39 /* ParteProyectoVaneUITests */ = {
			isa = PBXGroup;
			children = (
				B0AB1DAC233C102A00A7CB39 /* ParteProyectoVaneUITests.swift */,
				B0AB1DAE233C102A00A7CB39 /* Info.plist */,
			);
			path = ParteProyectoVaneUITests;
			sourceTree = "<group>";
		};
		B0AB1DF4233C127B00A7CB39 /* Frameworks */ = {
			isa = PBXGroup;
			children = (
				B0AB1DF5233C127B00A7CB39 /* AVFoundation.framework */,
			);
			name = Frameworks;
			sourceTree = "<group>";
		};
/* End PBXGroup section */

/* Begin PBXNativeTarget section */
		B0AB1D85233C102900A7CB39 /* ParteProyectoVane */ = {
			isa = PBXNativeTarget;
			buildConfigurationList = B0AB1DB1233C102A00A7CB39 /* Build configuration list for PBXNativeTarget "ParteProyectoVane" */;
			buildPhases = (
				B0AB1D82233C102900A7CB39 /* Sources */,
				B0AB1D83233C102900A7CB39 /* Frameworks */,
				B0AB1D84233C102900A7CB39 /* Resources */,
			);
			buildRules = (
			);
			dependencies = (
			);
			name = ParteProyectoVane;
			productName = ParteProyectoVane;
			productReference = B0AB1D86233C102900A7CB39 /* ParteProyectoVane.app */;
			productType = "com.apple.product-type.application";
		};
		B0AB1D9C233C102A00A7CB39 /* ParteProyectoVaneTests */ = {
			isa = PBXNativeTarget;
			buildConfigurationList = B0AB1DB4233C102A00A7CB39 /* Build configuration list for PBXNativeTarget "ParteProyectoVaneTests" */;
			buildPhases = (
				B0AB1D99233C102A00A7CB39 /* Sources */,
				B0AB1D9A233C102A00A7CB39 /* Frameworks */,
				B0AB1D9B233C102A00A7CB39 /* Resources */,
			);
			buildRules = (
			);
			dependencies = (
				B0AB1D9F233C102A00A7CB39 /* PBXTargetDependency */,
			);
			name = ParteProyectoVaneTests;
			productName = ParteProyectoVaneTests;
			productReference = B0AB1D9D233C102A00A7CB39 /* ParteProyectoVaneTests.xctest */;
			productType = "com.apple.product-type.bundle.unit-test";
		};
		B0AB1DA7233C102A00A7CB39 /* ParteProyectoVaneUITests */ = {
			isa = PBXNativeTarget;
			buildConfigurationList = B0AB1DB7233C102A00A7CB39 /* Build configuration list for PBXNativeTarget "ParteProyectoVaneUITests" */;
			buildPhases = (
				B0AB1DA4233C102A00A7CB39 /* Sources */,
				B0AB1DA5233C102A00A7CB39 /* Frameworks */,
				B0AB1DA6233C102A00A7CB39 /* Resources */,
			);
			buildRules = (
			);
			dependencies = (
				B0AB1DAA233C102A00A7CB39 /* PBXTargetDependency */,
			);
			name = ParteProyectoVaneUITests;
			productName = ParteProyectoVaneUITests;
			productReference = B0AB1DA8233C102A00A7CB39 /* ParteProyectoVaneUITests.xctest */;
			productType = "com.apple.product-type.bundle.ui-testing";
		};
/* End PBXNativeTarget section */

/* Begin PBXProject section */
		B0AB1D7E233C102900A7CB39 /* Project object */ = {
			isa = PBXProject;
			attributes = {
				LastSwiftUpdateCheck = 1030;
				LastUpgradeCheck = 1030;
				ORGANIZATIONNAME = "CEDAM 21";
				TargetAttributes = {
					B0AB1D85233C102900A7CB39 = {
						CreatedOnToolsVersion = 10.3;
					};
					B0AB1D9C233C102A00A7CB39 = {
						CreatedOnToolsVersion = 10.3;
						TestTargetID = B0AB1D85233C102900A7CB39;
					};
					B0AB1DA7233C102A00A7CB39 = {
						CreatedOnToolsVersion = 10.3;
						TestTargetID = B0AB1D85233C102900A7CB39;
					};
				};
			};
			buildConfigurationList = B0AB1D81233C102900A7CB39 /* Build configuration list for PBXProject "ParteProyectoVane" */;
			compatibilityVersion = "Xcode 9.3";
			developmentRegion = en;
			hasScannedForEncodings = 0;
			knownRegions = (
				en,
				Base,
			);
			mainGroup = B0AB1D7D233C102900A7CB39;
			productRefGroup = B0AB1D87233C102900A7CB39 /* Products */;
			projectDirPath = "";
			projectRoot = "";
			targets = (
				B0AB1D85233C102900A7CB39 /* ParteProyectoVane */,
				B0AB1D9C233C102A00A7CB39 /* ParteProyectoVaneTests */,
				B0AB1DA7233C102A00A7CB39 /* ParteProyectoVaneUITests */,
			);
		};
/* End PBXProject section */

/* Begin PBXResourcesBuildPhase section */
		B0AB1D84233C102900A7CB39 /* Resources */ = {
			isa = PBXResourcesBuildPhase;
			buildActionMask = 2147483647;
			files = (
				B0AB1D97233C102A00A7CB39 /* LaunchScreen.storyboard in Resources */,
				B0AB1D94233C102A00A7CB39 /* Assets.xcassets in Resources */,
				B0AB1D8F233C102900A7CB39 /* Main.storyboard in Resources */,
			);
			runOnlyForDeploymentPostprocessing = 0;
		};
		B0AB1D9B233C102A00A7CB39 /* Resources */ = {
			isa = PBXResourcesBuildPhase;
			buildActionMask = 2147483647;
			files = (
			);
			runOnlyForDeploymentPostprocessing = 0;
		};
		B0AB1DA6233C102A00A7CB39 /* Resources */ = {
			isa = PBXResourcesBuildPhase;
			buildActionMask = 2147483647;
			files = (
			);
			runOnlyForDeploymentPostprocessing = 0;
		};
/* End PBXResourcesBuildPhase section */

/* Begin PBXSourcesBuildPhase section */
		B0AB1D82233C102900A7CB39 /* Sources */ = {
			isa = PBXSourcesBuildPhase;
			buildActionMask = 2147483647;
			files = (
				B0AB1D8C233C102900A7CB39 /* ViewController.swift in Sources */,
				B0AB1D8A233C102900A7CB39 /* AppDelegate.swift in Sources */,
				B0AB1D92233C102900A7CB39 /* ParteProyectoVane.xcdatamodeld in Sources */,
			);
			runOnlyForDeploymentPostprocessing = 0;
		};
		B0AB1D99233C102A00A7CB39 /* Sources */ = {
			isa = PBXSourcesBuildPhase;
			buildActionMask = 2147483647;
			files = (
				B0AB1DA2233C102A00A7CB39 /* ParteProyectoVaneTests.swift in Sources */,
			);
			runOnlyForDeploymentPostprocessing = 0;
		};
		B0AB1DA4233C102A00A7CB39 /* Sources */ = {
			isa = PBXSourcesBuildPhase;
			buildActionMask = 2147483647;
			files = (
				B0AB1DAD233C102A00A7CB39 /* ParteProyectoVaneUITests.swift in Sources */,
			);
			runOnlyForDeploymentPostprocessing = 0;
		};
/* End PBXSourcesBuildPhase section */

/* Begin PBXTargetDependency section */
		B0AB1D9F233C102A00A7CB39 /* PBXTargetDependency */ = {
			isa = PBXTargetDependency;
			target = B0AB1D85233C102900A7CB39 /* ParteProyectoVane */;
			targetProxy = B0AB1D9E233C102A00A7CB39 /* PBXContainerItemProxy */;
		};
		B0AB1DAA233C102A00A7CB39 /* PBXTargetDependency */ = {
			isa = PBXTargetDependency;
			target = B0AB1D85233C102900A7CB39 /* ParteProyectoVane */;
			targetProxy = B0AB1DA9233C102A00A7CB39 /* PBXContainerItemProxy */;
		};
/* End PBXTargetDependency section */

/* Begin PBXVariantGroup section */
		B0AB1D8D233C102900A7CB39 /* Main.storyboard */ = {
			isa = PBXVariantGroup;
			children = (
				B0AB1D8E233C102900A7CB39 /* Base */,
			);
			name = Main.storyboard;
			sourceTree = "<group>";
		};
		B0AB1D95233C102A00A7CB39 /* LaunchScreen.storyboard */ = {
			isa = PBXVariantGroup;
			children = (
				B0AB1D96233C102A00A7CB39 /* Base */,
			);
			name = LaunchScreen.storyboard;
			sourceTree = "<group>";
		};
/* End PBXVariantGroup section */

/* Begin XCBuildConfiguration section */
		B0AB1DAF233C102A00A7CB39 /* Debug */ = {
			isa = XCBuildConfiguration;
			buildSettings = {
				ALWAYS_SEARCH_USER_PATHS = NO;
				CLANG_ANALYZER_NONNULL = YES;
				CLANG_ANALYZER_NUMBER_OBJECT_CONVERSION = YES_AGGRESSIVE;
				CLANG_CXX_LANGUAGE_STANDARD = "gnu++14";
				CLANG_CXX_LIBRARY = "libc++";
				CLANG_ENABLE_MODULES = YES;
				CLANG_ENABLE_OBJC_ARC = YES;
				CLANG_ENABLE_OBJC_WEAK = YES;
				CLANG_WARN_BLOCK_CAPTURE_AUTORELEASING = YES;
				CLANG_WARN_BOOL_CONVERSION = YES;
				CLANG_WARN_COMMA = YES;
				CLANG_WARN_CONSTANT_CONVERSION = YES;
				CLANG_WARN_DEPRECATED_OBJC_IMPLEMENTATIONS = YES;
				CLANG_WARN_DIRECT_OBJC_ISA_USAGE = YES_ERROR;
				CLANG_WARN_DOCUMENTATION_COMMENTS = YES;
				CLANG_WARN_EMPTY_BODY = YES;
				CLANG_WARN_ENUM_CONVERSION = YES;
				CLANG_WARN_INFINITE_RECURSION = YES;
				CLANG_WARN_INT_CONVERSION = YES;
				CLANG_WARN_NON_LITERAL_NULL_CONVERSION = YES;
				CLANG_WARN_OBJC_IMPLICIT_RETAIN_SELF = YES;
				CLANG_WARN_OBJC_LITERAL_CONVERSION = YES;
				CLANG_WARN_OBJC_ROOT_CLASS = YES_ERROR;
				CLANG_WARN_RANGE_LOOP_ANALYSIS = YES;
				CLANG_WARN_STRICT_PROTOTYPES = YES;
				CLANG_WARN_SUSPICIOUS_MOVE = YES;
				CLANG_WARN_UNGUARDED_AVAILABILITY = YES_AGGRESSIVE;
				CLANG_WARN_UNREACHABLE_CODE = YES;
				CLANG_WARN__DUPLICATE_METHOD_MATCH = YES;
				CODE_SIGN_IDENTITY = "iPhone Developer";
				COPY_PHASE_STRIP = NO;
				DEBUG_INFORMATION_FORMAT = dwarf;
				ENABLE_STRICT_OBJC_MSGSEND = YES;
				ENABLE_TESTABILITY = YES;
				GCC_C_LANGUAGE_STANDARD = gnu11;
				GCC_DYNAMIC_NO_PIC = NO;
				GCC_NO_COMMON_BLOCKS = YES;
				GCC_OPTIMIZATION_LEVEL = 0;
				GCC_PREPROCESSOR_DEFINITIONS = (
					"DEBUG=1",
					"$(inherited)",
				);
				GCC_WARN_64_TO_32_BIT_CONVERSION = YES;
				GCC_WARN_ABOUT_RETURN_TYPE = YES_ERROR;
				GCC_WARN_UNDECLARED_SELECTOR = YES;
				GCC_WARN_UNINITIALIZED_AUTOS = YES_AGGRESSIVE;
				GCC_WARN_UNUSED_FUNCTION = YES;
				GCC_WARN_UNUSED_VARIABLE = YES;
				IPHONEOS_DEPLOYMENT_TARGET = 12.4;
				MTL_ENABLE_DEBUG_INFO = INCLUDE_SOURCE;
				MTL_FAST_MATH = YES;
				ONLY_ACTIVE_ARCH = YES;
				SDKROOT = iphoneos;
				SWIFT_ACTIVE_COMPILATION_CONDITIONS = DEBUG;
				SWIFT_OPTIMIZATION_LEVEL = "-Onone";
			};
			name = Debug;
		};
		B0AB1DB0233C102A00A7CB39 /* Release */ = {
			isa = XCBuildConfiguration;
			buildSettings = {
				ALWAYS_SEARCH_USER_PATHS = NO;
				CLANG_ANALYZER_NONNULL = YES;
				CLANG_ANALYZER_NUMBER_OBJECT_CONVERSION = YES_AGGRESSIVE;
				CLANG_CXX_LANGUAGE_STANDARD = "gnu++14";
				CLANG_CXX_LIBRARY = "libc++";
				CLANG_ENABLE_MODULES = YES;
				CLANG_ENABLE_OBJC_ARC = YES;
				CLANG_ENABLE_OBJC_WEAK = YES;
				CLANG_WARN_BLOCK_CAPTURE_AUTORELEASING = YES;
				CLANG_WARN_BOOL_CONVERSION = YES;
				CLANG_WARN_COMMA = YES;
				CLANG_WARN_CONSTANT_CONVERSION = YES;
				CLANG_WARN_DEPRECATED_OBJC_IMPLEMENTATIONS = YES;
				CLANG_WARN_DIRECT_OBJC_ISA_USAGE = YES_ERROR;
				CLANG_WARN_DOCUMENTATION_COMMENTS = YES;
				CLANG_WARN_EMPTY_BODY = YES;
				CLANG_WARN_ENUM_CONVERSION = YES;
				CLANG_WARN_INFINITE_RECURSION = YES;
				CLANG_WARN_INT_CONVERSION = YES;
				CLANG_WARN_NON_LITERAL_NULL_CONVERSION = YES;
				CLANG_WARN_OBJC_IMPLICIT_RETAIN_SELF = YES;
				CLANG_WARN_OBJC_LITERAL_CONVERSION = YES;
				CLANG_WARN_OBJC_ROOT_CLASS = YES_ERROR;
				CLANG_WARN_RANGE_LOOP_ANALYSIS = YES;
				CLANG_WARN_STRICT_PROTOTYPES = YES;
				CLANG_WARN_SUSPICIOUS_MOVE = YES;
				CLANG_WARN_UNGUARDED_AVAILABILITY = YES_AGGRESSIVE;
				CLANG_WARN_UNREACHABLE_CODE = YES;
				CLANG_WARN__DUPLICATE_METHOD_MATCH = YES;
				CODE_SIGN_IDENTITY = "iPhone Developer";
				COPY_PHASE_STRIP = NO;
				DEBUG_INFORMATION_FORMAT = "dwarf-with-dsym";
				ENABLE_NS_ASSERTIONS = NO;
				ENABLE_STRICT_OBJC_MSGSEND = YES;
				GCC_C_LANGUAGE_STANDARD = gnu11;
				GCC_NO_COMMON_BLOCKS = YES;
				GCC_WARN_64_TO_32_BIT_CONVERSION = YES;
				GCC_WARN_ABOUT_RETURN_TYPE = YES_ERROR;
				GCC_WARN_UNDECLARED_SELECTOR = YES;
				GCC_WARN_UNINITIALIZED_AUTOS = YES_AGGRESSIVE;
				GCC_WARN_UNUSED_FUNCTION = YES;
				GCC_WARN_UNUSED_VARIABLE = YES;
				IPHONEOS_DEPLOYMENT_TARGET = 12.4;
				MTL_ENABLE_DEBUG_INFO = NO;
				MTL_FAST_MATH = YES;
				SDKROOT = iphoneos;
				SWIFT_COMPILATION_MODE = wholemodule;
				SWIFT_OPTIMIZATION_LEVEL = "-O";
				VALIDATE_PRODUCT = YES;
			};
			name = Release;
		};
		B0AB1DB2233C102A00A7CB39 /* Debug */ = {
			isa = XCBuildConfiguration;
			buildSettings = {
				ASSETCATALOG_COMPILER_APPICON_NAME = AppIcon;
				CODE_SIGN_STYLE = Automatic;
				DEVELOPMENT_TEAM = 3BTKPHTN29;
				INFOPLIST_FILE = ParteProyectoVane/Info.plist;
				LD_RUNPATH_SEARCH_PATHS = (
					"$(inherited)",
					"@executable_path/Frameworks",
				);
				PRODUCT_BUNDLE_IDENTIFIER = mx.UNAM.acatlan.pcpuma.ParteProyectoVane;
				PRODUCT_NAME = "$(TARGET_NAME)";
				SWIFT_VERSION = 5.0;
				TARGETED_DEVICE_FAMILY = "1,2";
			};
			name = Debug;
		};
		B0AB1DB3233C102A00A7CB39 /* Release */ = {
			isa = XCBuildConfiguration;
			buildSettings = {
				ASSETCATALOG_COMPILER_APPICON_NAME = AppIcon;
				CODE_SIGN_STYLE = Automatic;
				DEVELOPMENT_TEAM = 3BTKPHTN29;
				INFOPLIST_FILE = ParteProyectoVane/Info.plist;
				LD_RUNPATH_SEARCH_PATHS = (
					"$(inherited)",
					"@executable_path/Frameworks",
				);
				PRODUCT_BUNDLE_IDENTIFIER = mx.UNAM.acatlan.pcpuma.ParteProyectoVane;
				PRODUCT_NAME = "$(TARGET_NAME)";
				SWIFT_VERSION = 5.0;
				TARGETED_DEVICE_FAMILY = "1,2";
			};
			name = Release;
		};
		B0AB1DB5233C102A00A7CB39 /* Debug */ = {
			isa = XCBuildConfiguration;
			buildSettings = {
				ALWAYS_EMBED_SWIFT_STANDARD_LIBRARIES = YES;
				BUNDLE_LOADER = "$(TEST_HOST)";
				CODE_SIGN_STYLE = Automatic;
				DEVELOPMENT_TEAM = 3BTKPHTN29;
				INFOPLIST_FILE = ParteProyectoVaneTests/Info.plist;
				LD_RUNPATH_SEARCH_PATHS = (
					"$(inherited)",
					"@executable_path/Frameworks",
					"@loader_path/Frameworks",
				);
				PRODUCT_BUNDLE_IDENTIFIER = mx.UNAM.acatlan.pcpuma.ParteProyectoVaneTests;
				PRODUCT_NAME = "$(TARGET_NAME)";
				SWIFT_VERSION = 5.0;
				TARGETED_DEVICE_FAMILY = "1,2";
				TEST_HOST = "$(BUILT_PRODUCTS_DIR)/ParteProyectoVane.app/ParteProyectoVane";
			};
			name = Debug;
		};
		B0AB1DB6233C102A00A7CB39 /* Release */ = {
			isa = XCBuildConfiguration;
			buildSettings = {
				ALWAYS_EMBED_SWIFT_STANDARD_LIBRARIES = YES;
				BUNDLE_LOADER = "$(TEST_HOST)";
				CODE_SIGN_STYLE = Automatic;
				DEVELOPMENT_TEAM = 3BTKPHTN29;
				INFOPLIST_FILE = ParteProyectoVaneTests/Info.plist;
				LD_RUNPATH_SEARCH_PATHS = (
					"$(inherited)",
					"@executable_path/Frameworks",
					"@loader_path/Frameworks",
				);
				PRODUCT_BUNDLE_IDENTIFIER = mx.UNAM.acatlan.pcpuma.ParteProyectoVaneTests;
				PRODUCT_NAME = "$(TARGET_NAME)";
				SWIFT_VERSION = 5.0;
				TARGETED_DEVICE_FAMILY = "1,2";
				TEST_HOST = "$(BUILT_PRODUCTS_DIR)/ParteProyectoVane.app/ParteProyectoVane";
			};
			name = Release;
		};
		B0AB1DB8233C102A00A7CB39 /* Debug */ = {
			isa = XCBuildConfiguration;
			buildSettings = {
				ALWAYS_EMBED_SWIFT_STANDARD_LIBRARIES = YES;
				CODE_SIGN_STYLE = Automatic;
				DEVELOPMENT_TEAM = 3BTKPHTN29;
				INFOPLIST_FILE = ParteProyectoVaneUITests/Info.plist;
				LD_RUNPATH_SEARCH_PATHS = (
					"$(inherited)",
					"@executable_path/Frameworks",
					"@loader_path/Frameworks",
				);
				PRODUCT_BUNDLE_IDENTIFIER = mx.UNAM.acatlan.pcpuma.ParteProyectoVaneUITests;
				PRODUCT_NAME = "$(TARGET_NAME)";
				SWIFT_VERSION = 5.0;
				TARGETED_DEVICE_FAMILY = "1,2";
				TEST_TARGET_NAME = ParteProyectoVane;
			};
			name = Debug;
		};
		B0AB1DB9233C102A00A7CB39 /* Release */ = {
			isa = XCBuildConfiguration;
			buildSettings = {
				ALWAYS_EMBED_SWIFT_STANDARD_LIBRARIES = YES;
				CODE_SIGN_STYLE = Automatic;
				DEVELOPMENT_TEAM = 3BTKPHTN29;
				INFOPLIST_FILE = ParteProyectoVaneUITests/Info.plist;
				LD_RUNPATH_SEARCH_PATHS = (
					"$(inherited)",
					"@executable_path/Frameworks",
					"@loader_path/Frameworks",
				);
				PRODUCT_BUNDLE_IDENTIFIER = mx.UNAM.acatlan.pcpuma.ParteProyectoVaneUITests;
				PRODUCT_NAME = "$(TARGET_NAME)";
				SWIFT_VERSION = 5.0;
				TARGETED_DEVICE_FAMILY = "1,2";
				TEST_TARGET_NAME = ParteProyectoVane;
			};
			name = Release;
		};
/* End XCBuildConfiguration section */

/* Begin XCConfigurationList section */
		B0AB1D81233C102900A7CB39 /* Build configuration list for PBXProject "ParteProyectoVane" */ = {
			isa = XCConfigurationList;
			buildConfigurations = (
				B0AB1DAF233C102A00A7CB39 /* Debug */,
				B0AB1DB0233C102A00A7CB39 /* Release */,
			);
			defaultConfigurationIsVisible = 0;
			defaultConfigurationName = Release;
		};
		B0AB1DB1233C102A00A7CB39 /* Build configuration list for PBXNativeTarget "ParteProyectoVane" */ = {
			isa = XCConfigurationList;
			buildConfigurations = (
				B0AB1DB2233C102A00A7CB39 /* Debug */,
				B0AB1DB3233C102A00A7CB39 /* Release */,
			);
			defaultConfigurationIsVisible = 0;
			defaultConfigurationName = Release;
		};
		B0AB1DB4233C102A00A7CB39 /* Build configuration list for PBXNativeTarget "ParteProyectoVaneTests" */ = {
			isa = XCConfigurationList;
			buildConfigurations = (
				B0AB1DB5233C102A00A7CB39 /* Debug */,
				B0AB1DB6233C102A00A7CB39 /* Release */,
			);
			defaultConfigurationIsVisible = 0;
			defaultConfigurationName = Release;
		};
		B0AB1DB7233C102A00A7CB39 /* Build configuration list for PBXNativeTarget "ParteProyectoVaneUITests" */ = {
			isa = XCConfigurationList;
			buildConfigurations = (
				B0AB1DB8233C102A00A7CB39 /* Debug */,
				B0AB1DB9233C102A00A7CB39 /* Release */,
			);
			defaultConfigurationIsVisible = 0;
			defaultConfigurationName = Release;
		};
/* End XCConfigurationList section */

/* Begin XCVersionGroup section */
		B0AB1D90233C102900A7CB39 /* ParteProyectoVane.xcdatamodeld */ = {
			isa = XCVersionGroup;
			children = (
				B0AB1D91233C102900A7CB39 /* ParteProyectoVane.xcdatamodel */,
			);
			currentVersion = B0AB1D91233C102900A7CB39 /* ParteProyectoVane.xcdatamodel */;
			path = ParteProyectoVane.xcdatamodeld;
			sourceTree = "<group>";
			versionGroupType = wrapper.xcdatamodel;
		};
/* End XCVersionGroup section */
	};
	rootObject = B0AB1D7E233C102900A7CB39 /* Project object */;
}
